
Microsoft Visual Studio Solution File, Format Version 12.00
# Visual Studio Version 16
VisualStudioVersion = 16.0.30330.147
MinimumVisualStudioVersion = 10.0.40219.1
Project("{FAE04EC0-301F-11D3-BF4B-00C04F79EFBC}") = "CB.Models", "CB.Models\CB.Models.csproj", "{D14DB65A-D0EE-4008-B16B-86D494D03789}"
EndProject
Project("{FAE04EC0-301F-11D3-BF4B-00C04F79EFBC}") = "CB.Client", "CB.Client\CB.Client.csproj", "{01B462A1-CB7F-4D9D-BFD2-5382CE44F1DD}"
EndProject
Project("{FAE04EC0-301F-11D3-BF4B-00C04F79EFBC}") = "CB.Server", "CB.Server\CB.Server.csproj", "{8E67E87C-982F-42A9-B5F9-0E8FC7CA4F8D}"
EndProject
Global
	GlobalSection(SolutionConfigurationPlatforms) = preSolution
		Debug|Any CPU = Debug|Any CPU
		Release|Any CPU = Release|Any CPU
	EndGlobalSection
	GlobalSection(ProjectConfigurationPlatforms) = postSolution
		{D14DB65A-D0EE-4008-B16B-86D494D03789}.Debug|Any CPU.ActiveCfg = Debug|Any CPU
		{D14DB65A-D0EE-4008-B16B-86D494D03789}.Debug|Any CPU.Build.0 = Debug|Any CPU
		{D14DB65A-D0EE-4008-B16B-86D494D03789}.Release|Any CPU.ActiveCfg = Release|Any CPU
		{D14DB65A-D0EE-4008-B16B-86D494D03789}.Release|Any CPU.Build.0 = Release|Any CPU
		{01B462A1-CB7F-4D9D-BFD2-5382CE44F1DD}.Debug|Any CPU.ActiveCfg = Debug|Any CPU
		{01B462A1-CB7F-4D9D-BFD2-5382CE44F1DD}.Debug|Any CPU.Build.0 = Debug|Any CPU
		{01B462A1-CB7F-4D9D-BFD2-5382CE44F1DD}.Release|Any CPU.ActiveCfg = Release|Any CPU
		{01B462A1-CB7F-4D9D-BFD2-5382CE44F1DD}.Release|Any CPU.Build.0 = Release|Any CPU
		{8E67E87C-982F-42A9-B5F9-0E8FC7CA4F8D}.Debug|Any CPU.ActiveCfg = Debug|Any CPU
		{8E67E87C-982F-42A9-B5F9-0E8FC7CA4F8D}.Debug|Any CPU.Build.0 = Debug|Any CPU
		{8E67E87C-982F-42A9-B5F9-0E8FC7CA4F8D}.Release|Any CPU.ActiveCfg = Release|Any CPU
		{8E67E87C-982F-42A9-B5F9-0E8FC7CA4F8D}.Release|Any CPU.Build.0 = Release|Any CPU
	EndGlobalSection
	GlobalSection(SolutionProperties) = preSolution
		HideSolutionNode = FALSE
	EndGlobalSection
	GlobalSection(ExtensibilityGlobals) = postSolution
		SolutionGuid = {A16D8E2E-1F93-4E76-B04A-F72FF0769660}
	EndGlobalSection
EndGlobal
